
Microsoft Visual Studio Solution File, Format Version 11.00
# Visual Studio 2010
Project("{FAE04EC0-301F-11D3-BF4B-00C04F79EFBC}") = "Matice", "Matice.csproj", "{CB6B9837-EA29-44A2-9B98-F5A578BC129F}"
EndProject
Project("{FAE04EC0-301F-11D3-BF4B-00C04F79EFBC}") = "BaseLib", "..\BaseLib\BaseLib.csproj", "{2C1C0BDF-FAAA-4D93-AD0A-1EE6E3D08219}"
EndProject
Global
	GlobalSection(SolutionConfigurationPlatforms) = preSolution
		Debug|x86 = Debug|x86
		Release|x86 = Release|x86
	EndGlobalSection
	GlobalSection(ProjectConfigurationPlatforms) = postSolution
		{CB6B9837-EA29-44A2-9B98-F5A578BC129F}.Debug|x86.ActiveCfg = Debug|x86
		{CB6B9837-EA29-44A2-9B98-F5A578BC129F}.Debug|x86.Build.0 = Debug|x86
		{CB6B9837-EA29-44A2-9B98-F5A578BC129F}.Release|x86.ActiveCfg = Release|x86
		{CB6B9837-EA29-44A2-9B98-F5A578BC129F}.Release|x86.Build.0 = Release|x86
		{2C1C0BDF-FAAA-4D93-AD0A-1EE6E3D08219}.Debug|x86.ActiveCfg = Debug|x86
		{2C1C0BDF-FAAA-4D93-AD0A-1EE6E3D08219}.Debug|x86.Build.0 = Debug|x86
		{2C1C0BDF-FAAA-4D93-AD0A-1EE6E3D08219}.Release|x86.ActiveCfg = Release|x86
		{2C1C0BDF-FAAA-4D93-AD0A-1EE6E3D08219}.Release|x86.Build.0 = Release|x86
	EndGlobalSection
	GlobalSection(SolutionProperties) = preSolution
		HideSolutionNode = FALSE
	EndGlobalSection
EndGlobal
